
Microsoft Visual Studio Solution File, Format Version 12.00
# Visual Studio Version 16
VisualStudioVersion = 16.0.31515.178
MinimumVisualStudioVersion = 10.0.40219.1
Project("{FAE04EC0-301F-11D3-BF4B-00C04F79EFBC}") = "A22 Ex05 G", "A22 Ex05 AmitYona 206492472\A22 Ex05 G.csproj", "{55B737E5-C61C-42DC-A947-4EA6337599D2}"
EndProject
Global
	GlobalSection(SolutionConfigurationPlatforms) = preSolution
		Debug|Any CPU = Debug|Any CPU
		Release|Any CPU = Release|Any CPU
	EndGlobalSection
	GlobalSection(ProjectConfigurationPlatforms) = postSolution
		{55B737E5-C61C-42DC-A947-4EA6337599D2}.Debug|Any CPU.ActiveCfg = Debug|Any CPU
		{55B737E5-C61C-42DC-A947-4EA6337599D2}.Debug|Any CPU.Build.0 = Debug|Any CPU
		{55B737E5-C61C-42DC-A947-4EA6337599D2}.Release|Any CPU.ActiveCfg = Release|Any CPU
		{55B737E5-C61C-42DC-A947-4EA6337599D2}.Release|Any CPU.Build.0 = Release|Any CPU
	EndGlobalSection
	GlobalSection(SolutionProperties) = preSolution
		HideSolutionNode = FALSE
	EndGlobalSection
	GlobalSection(ExtensibilityGlobals) = postSolution
		SolutionGuid = {23BB68F0-42C5-4D8B-BA1B-A0241FF17005}
	EndGlobalSection
EndGlobal
